{
  "name": "interiordelight",
  "version": "1.0.0",
  "dependencies": {
    "express": {
      "version": "2.5.11",
      "from": "express@2.5.11",
      "dependencies": {
        "connect": {
          "version": "1.9.2",
          "from": "connect@1.x",
          "dependencies": {
            "formidable": {
              "version": "1.0.13",
              "from": "formidable@1.0.x",
              "resolved": "https://registry.npmjs.org/formidable/-/formidable-1.0.13.tgz"
            }
          }
        },
        "mime": {
          "version": "1.2.4",
          "from": "mime@1.2.4"
        },
        "qs": {
          "version": "0.4.2",
          "from": "qs@0.4.x"
        },
        "mkdirp": {
          "version": "0.3.0",
          "from": "mkdirp@0.3.0"
        }
      }
    },
    "jade": {
      "version": "0.28.2",
      "from": "jade@*",
      "dependencies": {
        "commander": {
          "version": "0.6.1",
          "from": "commander@0.6.1"
        },
        "mkdirp": {
          "version": "0.3.5",
          "from": "mkdirp@0.3.x"
        }
      }
    },
    "async": {
      "version": "0.2.6",
      "from": "async@*",
      "resolved": "https://registry.npmjs.org/async/-/async-0.2.6.tgz"
    },
    "connect-mongo": {
      "version": "0.3.2",
      "from": "connect-mongo@*",
      "dependencies": {
        "mongodb": {
          "version": "1.2.14",
          "from": "mongodb@~1.2.13",
          "dependencies": {
            "bson": {
              "version": "0.1.8",
              "from": "bson@0.1.8"
            }
          }
        }
      }
    },
    "passport": {
      "version": "0.1.16",
      "from": "passport@*",
      "resolved": "https://registry.npmjs.org/passport/-/passport-0.1.16.tgz",
      "dependencies": {
        "pkginfo": {
          "version": "0.2.3",
          "from": "pkginfo@0.2.x"
        }
      }
    },
    "passport-google-oauth": {
      "version": "0.1.5",
      "from": "passport-google-oauth@*",
      "resolved": "https://registry.npmjs.org/passport-google-oauth/-/passport-google-oauth-0.1.5.tgz",
      "dependencies": {
        "pkginfo": {
          "version": "0.2.3",
          "from": "pkginfo@0.2.x"
        },
        "passport-oauth": {
          "version": "0.1.14",
          "from": "passport-oauth@~0.1.4",
          "resolved": "https://registry.npmjs.org/passport-oauth/-/passport-oauth-0.1.14.tgz",
          "dependencies": {
            "oauth": {
              "version": "0.9.10",
              "from": "oauth@0.9.x",
              "resolved": "https://registry.npmjs.org/oauth/-/oauth-0.9.10.tgz"
            }
          }
        }
      }
    },
    "mongojs": {
      "version": "0.7.2",
      "from": "mongojs@*",
      "resolved": "https://registry.npmjs.org/mongojs/-/mongojs-0.7.2.tgz",
      "dependencies": {
        "mongodb": {
          "version": "1.2.14",
          "from": "mongodb@~1.2.13",
          "dependencies": {
            "bson": {
              "version": "0.1.8",
              "from": "bson@0.1.8"
            }
          }
        },
        "thunky": {
          "version": "0.1.0",
          "from": "thunky@~0.1.0",
          "resolved": "https://registry.npmjs.org/thunky/-/thunky-0.1.0.tgz"
        },
        "readable-stream": {
          "version": "1.0.2",
          "from": "readable-stream@~1.0.2",
          "resolved": "https://registry.npmjs.org/readable-stream/-/readable-stream-1.0.2.tgz"
        }
      }
    },
    "markdown": {
      "version": "0.4.0",
      "from": "markdown@*",
      "dependencies": {
        "nopt": {
          "version": "1.0.10",
          "from": "nopt@1",
          "dependencies": {
            "abbrev": {
              "version": "1.0.4",
              "from": "abbrev@1"
            }
          }
        }
      }
    }
  }
}
